
Microsoft Visual Studio Solution File, Format Version 12.00
# Visual Studio 15
VisualStudioVersion = 15.0.26430.13
MinimumVisualStudioVersion = 10.0.40219.1
Project("{F14B399A-7131-4C87-9E4B-1186C45EF12D}") = "e-connect-conciliaciones", "e-connect-reports\e-connect-conciliaciones.rptproj", "{225AFBDE-0A2F-4F12-8BBF-5ECDF814DE98}"
EndProject
Project("{F14B399A-7131-4C87-9E4B-1186C45EF12D}") = "e-silogtran-reports", "e-silogtran-reports\e-silogtran-reports.rptproj", "{090149E4-BC00-4886-B356-F4F7CFA37671}"
EndProject
Project("{F14B399A-7131-4C87-9E4B-1186C45EF12D}") = "e-connect-distribucion-secundaria", "e-connect-distribucion-secundaria\e-connect-distribucion-secundaria.rptproj", "{54BB098A-4F05-4BAF-ABD6-277CAE13E070}"
EndProject
Global
	GlobalSection(SolutionConfigurationPlatforms) = preSolution
		Debug|Default = Debug|Default
		DebugLocal|Default = DebugLocal|Default
		Release|Default = Release|Default
	EndGlobalSection
	GlobalSection(ProjectConfigurationPlatforms) = postSolution
		{225AFBDE-0A2F-4F12-8BBF-5ECDF814DE98}.Debug|Default.ActiveCfg = Debug
		{225AFBDE-0A2F-4F12-8BBF-5ECDF814DE98}.Debug|Default.Build.0 = Debug
		{225AFBDE-0A2F-4F12-8BBF-5ECDF814DE98}.Debug|Default.Deploy.0 = Debug
		{225AFBDE-0A2F-4F12-8BBF-5ECDF814DE98}.DebugLocal|Default.ActiveCfg = DebugLocal
		{225AFBDE-0A2F-4F12-8BBF-5ECDF814DE98}.DebugLocal|Default.Build.0 = DebugLocal
		{225AFBDE-0A2F-4F12-8BBF-5ECDF814DE98}.Release|Default.ActiveCfg = Release
		{225AFBDE-0A2F-4F12-8BBF-5ECDF814DE98}.Release|Default.Build.0 = Release
		{225AFBDE-0A2F-4F12-8BBF-5ECDF814DE98}.Release|Default.Deploy.0 = Release
		{090149E4-BC00-4886-B356-F4F7CFA37671}.Debug|Default.ActiveCfg = Debug
		{090149E4-BC00-4886-B356-F4F7CFA37671}.Debug|Default.Build.0 = Debug
		{090149E4-BC00-4886-B356-F4F7CFA37671}.Debug|Default.Deploy.0 = Debug
		{090149E4-BC00-4886-B356-F4F7CFA37671}.DebugLocal|Default.ActiveCfg = DebugLocal
		{090149E4-BC00-4886-B356-F4F7CFA37671}.DebugLocal|Default.Build.0 = DebugLocal
		{090149E4-BC00-4886-B356-F4F7CFA37671}.Release|Default.ActiveCfg = Release
		{090149E4-BC00-4886-B356-F4F7CFA37671}.Release|Default.Build.0 = Release
		{090149E4-BC00-4886-B356-F4F7CFA37671}.Release|Default.Deploy.0 = Release
		{54BB098A-4F05-4BAF-ABD6-277CAE13E070}.Debug|Default.ActiveCfg = Debug
		{54BB098A-4F05-4BAF-ABD6-277CAE13E070}.Debug|Default.Build.0 = Debug
		{54BB098A-4F05-4BAF-ABD6-277CAE13E070}.Debug|Default.Deploy.0 = Debug
		{54BB098A-4F05-4BAF-ABD6-277CAE13E070}.DebugLocal|Default.ActiveCfg = DebugLocal
		{54BB098A-4F05-4BAF-ABD6-277CAE13E070}.DebugLocal|Default.Build.0 = DebugLocal
		{54BB098A-4F05-4BAF-ABD6-277CAE13E070}.Release|Default.ActiveCfg = Release
		{54BB098A-4F05-4BAF-ABD6-277CAE13E070}.Release|Default.Build.0 = Release
		{54BB098A-4F05-4BAF-ABD6-277CAE13E070}.Release|Default.Deploy.0 = Release
	EndGlobalSection
	GlobalSection(SolutionProperties) = preSolution
		HideSolutionNode = FALSE
	EndGlobalSection
EndGlobal
