
Microsoft Visual Studio Solution File, Format Version 12.00
# Visual Studio 15
VisualStudioVersion = 15.0.26430.13
MinimumVisualStudioVersion = 10.0.40219.1
Project("{F14B399A-7131-4C87-9E4B-1186C45EF12D}") = "e-conciliaciones-reports", "e-conciliaciones-reports\e-conciliaciones-reports.rptproj", "{962CAEC2-89BF-4804-A33E-A0A664C190BC}"
EndProject
Project("{F14B399A-7131-4C87-9E4B-1186C45EF12D}") = "e-connect-cedis", "e-connect-cedis\e-connect-cedis.rptproj", "{43D3A64A-B108-4559-8D94-873E6A3A3E5A}"
EndProject
Project("{F14B399A-7131-4C87-9E4B-1186C45EF12D}") = "e-connect-distribucion-secundaria", "e-connect-distribucion-secundaria\e-connect-distribucion-secundaria.rptproj", "{D1040B9C-8E1B-4649-9CBB-BEE86081C746}"
EndProject
Project("{F14B399A-7131-4C87-9E4B-1186C45EF12D}") = "e-connect-cortes", "e-connect-cortes\e-connect-cortes.rptproj", "{9C67BE2E-D2D1-46AB-ADE0-1FB91E9D8890}"
EndProject
Project("{F14B399A-7131-4C87-9E4B-1186C45EF12D}") = "Consulta-de-canales", "Consulta-de-canales\Consulta-de-canales.rptproj", "{EC6CE4C1-DB2C-41E3-B6A1-76A662CE36C6}"
EndProject
Global
	GlobalSection(SolutionConfigurationPlatforms) = preSolution
		Debug|Default = Debug|Default
		DebugLocal|Default = DebugLocal|Default
		Release|Default = Release|Default
	EndGlobalSection
	GlobalSection(ProjectConfigurationPlatforms) = postSolution
		{962CAEC2-89BF-4804-A33E-A0A664C190BC}.Debug|Default.ActiveCfg = Debug
		{962CAEC2-89BF-4804-A33E-A0A664C190BC}.Debug|Default.Build.0 = Debug
		{962CAEC2-89BF-4804-A33E-A0A664C190BC}.Debug|Default.Deploy.0 = Debug
		{962CAEC2-89BF-4804-A33E-A0A664C190BC}.DebugLocal|Default.ActiveCfg = DebugLocal
		{962CAEC2-89BF-4804-A33E-A0A664C190BC}.DebugLocal|Default.Build.0 = DebugLocal
		{962CAEC2-89BF-4804-A33E-A0A664C190BC}.DebugLocal|Default.Deploy.0 = DebugLocal
		{962CAEC2-89BF-4804-A33E-A0A664C190BC}.Release|Default.ActiveCfg = Release
		{962CAEC2-89BF-4804-A33E-A0A664C190BC}.Release|Default.Build.0 = Release
		{962CAEC2-89BF-4804-A33E-A0A664C190BC}.Release|Default.Deploy.0 = Release
		{43D3A64A-B108-4559-8D94-873E6A3A3E5A}.Debug|Default.ActiveCfg = Debug
		{43D3A64A-B108-4559-8D94-873E6A3A3E5A}.Debug|Default.Build.0 = Debug
		{43D3A64A-B108-4559-8D94-873E6A3A3E5A}.Debug|Default.Deploy.0 = Debug
		{43D3A64A-B108-4559-8D94-873E6A3A3E5A}.DebugLocal|Default.ActiveCfg = DebugLocal
		{43D3A64A-B108-4559-8D94-873E6A3A3E5A}.DebugLocal|Default.Build.0 = DebugLocal
		{43D3A64A-B108-4559-8D94-873E6A3A3E5A}.Release|Default.ActiveCfg = Release
		{43D3A64A-B108-4559-8D94-873E6A3A3E5A}.Release|Default.Build.0 = Release
		{43D3A64A-B108-4559-8D94-873E6A3A3E5A}.Release|Default.Deploy.0 = Release
		{D1040B9C-8E1B-4649-9CBB-BEE86081C746}.Debug|Default.ActiveCfg = Debug
		{D1040B9C-8E1B-4649-9CBB-BEE86081C746}.Debug|Default.Build.0 = Debug
		{D1040B9C-8E1B-4649-9CBB-BEE86081C746}.Debug|Default.Deploy.0 = Debug
		{D1040B9C-8E1B-4649-9CBB-BEE86081C746}.DebugLocal|Default.ActiveCfg = DebugLocal
		{D1040B9C-8E1B-4649-9CBB-BEE86081C746}.DebugLocal|Default.Build.0 = DebugLocal
		{D1040B9C-8E1B-4649-9CBB-BEE86081C746}.DebugLocal|Default.Deploy.0 = DebugLocal
		{D1040B9C-8E1B-4649-9CBB-BEE86081C746}.Release|Default.ActiveCfg = Release
		{D1040B9C-8E1B-4649-9CBB-BEE86081C746}.Release|Default.Build.0 = Release
		{D1040B9C-8E1B-4649-9CBB-BEE86081C746}.Release|Default.Deploy.0 = Release
		{9C67BE2E-D2D1-46AB-ADE0-1FB91E9D8890}.Debug|Default.ActiveCfg = Debug
		{9C67BE2E-D2D1-46AB-ADE0-1FB91E9D8890}.Debug|Default.Build.0 = Debug
		{9C67BE2E-D2D1-46AB-ADE0-1FB91E9D8890}.Debug|Default.Deploy.0 = Debug
		{9C67BE2E-D2D1-46AB-ADE0-1FB91E9D8890}.DebugLocal|Default.ActiveCfg = DebugLocal
		{9C67BE2E-D2D1-46AB-ADE0-1FB91E9D8890}.DebugLocal|Default.Build.0 = DebugLocal
		{9C67BE2E-D2D1-46AB-ADE0-1FB91E9D8890}.Release|Default.ActiveCfg = Release
		{9C67BE2E-D2D1-46AB-ADE0-1FB91E9D8890}.Release|Default.Build.0 = Release
		{9C67BE2E-D2D1-46AB-ADE0-1FB91E9D8890}.Release|Default.Deploy.0 = Release
		{EC6CE4C1-DB2C-41E3-B6A1-76A662CE36C6}.Debug|Default.ActiveCfg = Debug
		{EC6CE4C1-DB2C-41E3-B6A1-76A662CE36C6}.Debug|Default.Build.0 = Debug
		{EC6CE4C1-DB2C-41E3-B6A1-76A662CE36C6}.Debug|Default.Deploy.0 = Debug
		{EC6CE4C1-DB2C-41E3-B6A1-76A662CE36C6}.DebugLocal|Default.ActiveCfg = DebugLocal
		{EC6CE4C1-DB2C-41E3-B6A1-76A662CE36C6}.DebugLocal|Default.Build.0 = DebugLocal
		{EC6CE4C1-DB2C-41E3-B6A1-76A662CE36C6}.Release|Default.ActiveCfg = Release
		{EC6CE4C1-DB2C-41E3-B6A1-76A662CE36C6}.Release|Default.Build.0 = Release
		{EC6CE4C1-DB2C-41E3-B6A1-76A662CE36C6}.Release|Default.Deploy.0 = Release
	EndGlobalSection
	GlobalSection(SolutionProperties) = preSolution
		HideSolutionNode = FALSE
	EndGlobalSection
	GlobalSection(ExtensibilityGlobals) = postSolution
		SolutionGuid = {9A05B5E5-883E-4513-B9A1-D58417EC4032}
	EndGlobalSection
EndGlobal
